// !$*UTF8*$!
{
	archiveVersion = 1;
	classes = {
	};
	objectVersion = 46;
	objects = {

/* Begin PBXBuildFile section */
		764833FA1A5F379300EF895C /* main.m in Sources */ = {isa = PBXBuildFile; fileRef = 764833F91A5F379300EF895C /* main.m */; };
		764833FD1A5F379300EF895C /* AppDelegate.m in Sources */ = {isa = PBXBuildFile; fileRef = 764833FC1A5F379300EF895C /* AppDelegate.m */; };
		764834001A5F379300EF895C /* ViewController.m in Sources */ = {isa = PBXBuildFile; fileRef = 764833FF1A5F379300EF895C /* ViewController.m */; };
		764834031A5F379300EF895C /* Main.storyboard in Resources */ = {isa = PBXBuildFile; fileRef = 764834011A5F379300EF895C /* Main.storyboard */; };
		764834051A5F379300EF895C /* Images.xcassets in Resources */ = {isa = PBXBuildFile; fileRef = 764834041A5F379300EF895C /* Images.xcassets */; };
		764834081A5F379300EF895C /* LaunchScreen.xib in Resources */ = {isa = PBXBuildFile; fileRef = 764834061A5F379300EF895C /* LaunchScreen.xib */; };
		764834141A5F379300EF895C /* RolodexTests.m in Sources */ = {isa = PBXBuildFile; fileRef = 764834131A5F379300EF895C /* RolodexTests.m */; };
		764834221A60356D00EF895C /* AddLogEntryViewController.m in Sources */ = {isa = PBXBuildFile; fileRef = 764834211A60356D00EF895C /* AddLogEntryViewController.m */; };
		764834251A60370100EF895C /* ContactLogTableViewController.m in Sources */ = {isa = PBXBuildFile; fileRef = 764834241A60370100EF895C /* ContactLogTableViewController.m */; };
		764834281A604C9A00EF895C /* LogEntry.m in Sources */ = {isa = PBXBuildFile; fileRef = 764834271A604C9A00EF895C /* LogEntry.m */; };
		7648342E1A609E8700EF895C /* InboxView.m in Sources */ = {isa = PBXBuildFile; fileRef = 7648342D1A609E8700EF895C /* InboxView.m */; };
/* End PBXBuildFile section */

/* Begin PBXContainerItemProxy section */
		7648340E1A5F379300EF895C /* PBXContainerItemProxy */ = {
			isa = PBXContainerItemProxy;
			containerPortal = 764833EC1A5F379300EF895C /* Project object */;
			proxyType = 1;
			remoteGlobalIDString = 764833F31A5F379300EF895C;
			remoteInfo = Rolodex;
		};
/* End PBXContainerItemProxy section */

/* Begin PBXFileReference section */
		764833F41A5F379300EF895C /* Rolodex.app */ = {isa = PBXFileReference; explicitFileType = wrapper.application; includeInIndex = 0; path = Rolodex.app; sourceTree = BUILT_PRODUCTS_DIR; };
		764833F81A5F379300EF895C /* Info.plist */ = {isa = PBXFileReference; lastKnownFileType = text.plist.xml; path = Info.plist; sourceTree = "<group>"; };
		764833F91A5F379300EF895C /* main.m */ = {isa = PBXFileReference; lastKnownFileType = sourcecode.c.objc; path = main.m; sourceTree = "<group>"; };
		764833FB1A5F379300EF895C /* AppDelegate.h */ = {isa = PBXFileReference; lastKnownFileType = sourcecode.c.h; path = AppDelegate.h; sourceTree = "<group>"; };
		764833FC1A5F379300EF895C /* AppDelegate.m */ = {isa = PBXFileReference; lastKnownFileType = sourcecode.c.objc; path = AppDelegate.m; sourceTree = "<group>"; };
		764833FE1A5F379300EF895C /* ViewController.h */ = {isa = PBXFileReference; lastKnownFileType = sourcecode.c.h; path = ViewController.h; sourceTree = "<group>"; };
		764833FF1A5F379300EF895C /* ViewController.m */ = {isa = PBXFileReference; lastKnownFileType = sourcecode.c.objc; path = ViewController.m; sourceTree = "<group>"; };
		764834021A5F379300EF895C /* Base */ = {isa = PBXFileReference; lastKnownFileType = file.storyboard; name = Base; path = Base.lproj/Main.storyboard; sourceTree = "<group>"; };
		764834041A5F379300EF895C /* Images.xcassets */ = {isa = PBXFileReference; lastKnownFileType = folder.assetcatalog; path = Images.xcassets; sourceTree = "<group>"; };
		764834071A5F379300EF895C /* Base */ = {isa = PBXFileReference; lastKnownFileType = file.xib; name = Base; path = Base.lproj/LaunchScreen.xib; sourceTree = "<group>"; };
		7648340D1A5F379300EF895C /* RolodexTests.xctest */ = {isa = PBXFileReference; explicitFileType = wrapper.cfbundle; includeInIndex = 0; path = RolodexTests.xctest; sourceTree = BUILT_PRODUCTS_DIR; };
		764834121A5F379300EF895C /* Info.plist */ = {isa = PBXFileReference; lastKnownFileType = text.plist.xml; path = Info.plist; sourceTree = "<group>"; };
		764834131A5F379300EF895C /* RolodexTests.m */ = {isa = PBXFileReference; lastKnownFileType = sourcecode.c.objc; path = RolodexTests.m; sourceTree = "<group>"; };
		764834201A60356D00EF895C /* AddLogEntryViewController.h */ = {isa = PBXFileReference; fileEncoding = 4; lastKnownFileType = sourcecode.c.h; path = AddLogEntryViewController.h; sourceTree = "<group>"; };
		764834211A60356D00EF895C /* AddLogEntryViewController.m */ = {isa = PBXFileReference; fileEncoding = 4; lastKnownFileType = sourcecode.c.objc; path = AddLogEntryViewController.m; sourceTree = "<group>"; };
		764834231A60370100EF895C /* ContactLogTableViewController.h */ = {isa = PBXFileReference; fileEncoding = 4; lastKnownFileType = sourcecode.c.h; path = ContactLogTableViewController.h; sourceTree = "<group>"; };
		764834241A60370100EF895C /* ContactLogTableViewController.m */ = {isa = PBXFileReference; fileEncoding = 4; lastKnownFileType = sourcecode.c.objc; path = ContactLogTableViewController.m; sourceTree = "<group>"; };
		764834261A604C9A00EF895C /* LogEntry.h */ = {isa = PBXFileReference; fileEncoding = 4; lastKnownFileType = sourcecode.c.h; path = LogEntry.h; sourceTree = "<group>"; };
		764834271A604C9A00EF895C /* LogEntry.m */ = {isa = PBXFileReference; fileEncoding = 4; lastKnownFileType = sourcecode.c.objc; path = LogEntry.m; sourceTree = "<group>"; };
		7648342C1A609E8700EF895C /* InboxView.h */ = {isa = PBXFileReference; fileEncoding = 4; lastKnownFileType = sourcecode.c.h; path = InboxView.h; sourceTree = "<group>"; };
		7648342D1A609E8700EF895C /* InboxView.m */ = {isa = PBXFileReference; fileEncoding = 4; lastKnownFileType = sourcecode.c.objc; path = InboxView.m; sourceTree = "<group>"; };
/* End PBXFileReference section */

/* Begin PBXFrameworksBuildPhase section */
		764833F11A5F379300EF895C /* Frameworks */ = {
			isa = PBXFrameworksBuildPhase;
			buildActionMask = 2147483647;
			files = (
			);
			runOnlyForDeploymentPostprocessing = 0;
		};
		7648340A1A5F379300EF895C /* Frameworks */ = {
			isa = PBXFrameworksBuildPhase;
			buildActionMask = 2147483647;
			files = (
			);
			runOnlyForDeploymentPostprocessing = 0;
		};
/* End PBXFrameworksBuildPhase section */

/* Begin PBXGroup section */
		764833EB1A5F379200EF895C = {
			isa = PBXGroup;
			children = (
				764833F61A5F379300EF895C /* Rolodex */,
				764834101A5F379300EF895C /* RolodexTests */,
				764833F51A5F379300EF895C /* Products */,
			);
			sourceTree = "<group>";
		};
		764833F51A5F379300EF895C /* Products */ = {
			isa = PBXGroup;
			children = (
				764833F41A5F379300EF895C /* Rolodex.app */,
				7648340D1A5F379300EF895C /* RolodexTests.xctest */,
			);
			name = Products;
			sourceTree = "<group>";
		};
		764833F61A5F379300EF895C /* Rolodex */ = {
			isa = PBXGroup;
			children = (
				764833FB1A5F379300EF895C /* AppDelegate.h */,
				764833FC1A5F379300EF895C /* AppDelegate.m */,
				764833FE1A5F379300EF895C /* ViewController.h */,
				764833FF1A5F379300EF895C /* ViewController.m */,
				764834011A5F379300EF895C /* Main.storyboard */,
				7648342C1A609E8700EF895C /* InboxView.h */,
				7648342D1A609E8700EF895C /* InboxView.m */,
				764834261A604C9A00EF895C /* LogEntry.h */,
				764834271A604C9A00EF895C /* LogEntry.m */,
				764834231A60370100EF895C /* ContactLogTableViewController.h */,
				764834241A60370100EF895C /* ContactLogTableViewController.m */,
				764834201A60356D00EF895C /* AddLogEntryViewController.h */,
				764834211A60356D00EF895C /* AddLogEntryViewController.m */,
				764834041A5F379300EF895C /* Images.xcassets */,
				764834061A5F379300EF895C /* LaunchScreen.xib */,
				764833F71A5F379300EF895C /* Supporting Files */,
			);
			path = Rolodex;
			sourceTree = "<group>";
		};
		764833F71A5F379300EF895C /* Supporting Files */ = {
			isa = PBXGroup;
			children = (
				764833F81A5F379300EF895C /* Info.plist */,
				764833F91A5F379300EF895C /* main.m */,
			);
			name = "Supporting Files";
			sourceTree = "<group>";
		};
		764834101A5F379300EF895C /* RolodexTests */ = {
			isa = PBXGroup;
			children = (
				764834131A5F379300EF895C /* RolodexTests.m */,
				764834111A5F379300EF895C /* Supporting Files */,
			);
			path = RolodexTests;
			sourceTree = "<group>";
		};
		764834111A5F379300EF895C /* Supporting Files */ = {
			isa = PBXGroup;
			children = (
				764834121A5F379300EF895C /* Info.plist */,
			);
			name = "Supporting Files";
			sourceTree = "<group>";
		};
/* End PBXGroup section */

/* Begin PBXNativeTarget section */
		764833F31A5F379300EF895C /* Rolodex */ = {
			isa = PBXNativeTarget;
			buildConfigurationList = 764834171A5F379300EF895C /* Build configuration list for PBXNativeTarget "Rolodex" */;
			buildPhases = (
				764833F01A5F379300EF895C /* Sources */,
				764833F11A5F379300EF895C /* Frameworks */,
				764833F21A5F379300EF895C /* Resources */,
			);
			buildRules = (
			);
			dependencies = (
			);
			name = Rolodex;
			productName = Rolodex;
			productReference = 764833F41A5F379300EF895C /* Rolodex.app */;
			productType = "com.apple.product-type.application";
		};
		7648340C1A5F379300EF895C /* RolodexTests */ = {
			isa = PBXNativeTarget;
			buildConfigurationList = 7648341A1A5F379300EF895C /* Build configuration list for PBXNativeTarget "RolodexTests" */;
			buildPhases = (
				764834091A5F379300EF895C /* Sources */,
				7648340A1A5F379300EF895C /* Frameworks */,
				7648340B1A5F379300EF895C /* Resources */,
			);
			buildRules = (
			);
			dependencies = (
				7648340F1A5F379300EF895C /* PBXTargetDependency */,
			);
			name = RolodexTests;
			productName = RolodexTests;
			productReference = 7648340D1A5F379300EF895C /* RolodexTests.xctest */;
			productType = "com.apple.product-type.bundle.unit-test";
		};
/* End PBXNativeTarget section */

/* Begin PBXProject section */
		764833EC1A5F379300EF895C /* Project object */ = {
			isa = PBXProject;
			attributes = {
				LastUpgradeCheck = 0610;
				ORGANIZATIONNAME = "A Moot Point";
				TargetAttributes = {
					764833F31A5F379300EF895C = {
						CreatedOnToolsVersion = 6.1;
					};
					7648340C1A5F379300EF895C = {
						CreatedOnToolsVersion = 6.1;
						TestTargetID = 764833F31A5F379300EF895C;
					};
				};
			};
			buildConfigurationList = 764833EF1A5F379300EF895C /* Build configuration list for PBXProject "Rolodex" */;
			compatibilityVersion = "Xcode 3.2";
			developmentRegion = English;
			hasScannedForEncodings = 0;
			knownRegions = (
				en,
				Base,
			);
			mainGroup = 764833EB1A5F379200EF895C;
			productRefGroup = 764833F51A5F379300EF895C /* Products */;
			projectDirPath = "";
			projectRoot = "";
			targets = (
				764833F31A5F379300EF895C /* Rolodex */,
				7648340C1A5F379300EF895C /* RolodexTests */,
			);
		};
/* End PBXProject section */

/* Begin PBXResourcesBuildPhase section */
		764833F21A5F379300EF895C /* Resources */ = {
			isa = PBXResourcesBuildPhase;
			buildActionMask = 2147483647;
			files = (
				764834031A5F379300EF895C /* Main.storyboard in Resources */,
				764834081A5F379300EF895C /* LaunchScreen.xib in Resources */,
				764834051A5F379300EF895C /* Images.xcassets in Resources */,
			);
			runOnlyForDeploymentPostprocessing = 0;
		};
		7648340B1A5F379300EF895C /* Resources */ = {
			isa = PBXResourcesBuildPhase;
			buildActionMask = 2147483647;
			files = (
			);
			runOnlyForDeploymentPostprocessing = 0;
		};
/* End PBXResourcesBuildPhase section */

/* Begin PBXSourcesBuildPhase section */
		764833F01A5F379300EF895C /* Sources */ = {
			isa = PBXSourcesBuildPhase;
			buildActionMask = 2147483647;
			files = (
				764834001A5F379300EF895C /* ViewController.m in Sources */,
				764833FD1A5F379300EF895C /* AppDelegate.m in Sources */,
				764833FA1A5F379300EF895C /* main.m in Sources */,
				764834281A604C9A00EF895C /* LogEntry.m in Sources */,
				764834221A60356D00EF895C /* AddLogEntryViewController.m in Sources */,
				7648342E1A609E8700EF895C /* InboxView.m in Sources */,
				764834251A60370100EF895C /* ContactLogTableViewController.m in Sources */,
			);
			runOnlyForDeploymentPostprocessing = 0;
		};
		764834091A5F379300EF895C /* Sources */ = {
			isa = PBXSourcesBuildPhase;
			buildActionMask = 2147483647;
			files = (
				764834141A5F379300EF895C /* RolodexTests.m in Sources */,
			);
			runOnlyForDeploymentPostprocessing = 0;
		};
/* End PBXSourcesBuildPhase section */

/* Begin PBXTargetDependency section */
		7648340F1A5F379300EF895C /* PBXTargetDependency */ = {
			isa = PBXTargetDependency;
			target = 764833F31A5F379300EF895C /* Rolodex */;
			targetProxy = 7648340E1A5F379300EF895C /* PBXContainerItemProxy */;
		};
/* End PBXTargetDependency section */

/* Begin PBXVariantGroup section */
		764834011A5F379300EF895C /* Main.storyboard */ = {
			isa = PBXVariantGroup;
			children = (
				764834021A5F379300EF895C /* Base */,
			);
			name = Main.storyboard;
			sourceTree = "<group>";
		};
		764834061A5F379300EF895C /* LaunchScreen.xib */ = {
			isa = PBXVariantGroup;
			children = (
				764834071A5F379300EF895C /* Base */,
			);
			name = LaunchScreen.xib;
			sourceTree = "<group>";
		};
/* End PBXVariantGroup section */

/* Begin XCBuildConfiguration section */
		764834151A5F379300EF895C /* Debug */ = {
			isa = XCBuildConfiguration;
			buildSettings = {
				ALWAYS_SEARCH_USER_PATHS = NO;
				CLANG_CXX_LANGUAGE_STANDARD = "gnu++0x";
				CLANG_CXX_LIBRARY = "libc++";
				CLANG_ENABLE_MODULES = YES;
				CLANG_ENABLE_OBJC_ARC = YES;
				CLANG_WARN_BOOL_CONVERSION = YES;
				CLANG_WARN_CONSTANT_CONVERSION = YES;
				CLANG_WARN_DIRECT_OBJC_ISA_USAGE = YES_ERROR;
				CLANG_WARN_EMPTY_BODY = YES;
				CLANG_WARN_ENUM_CONVERSION = YES;
				CLANG_WARN_INT_CONVERSION = YES;
				CLANG_WARN_OBJC_ROOT_CLASS = YES_ERROR;
				CLANG_WARN_UNREACHABLE_CODE = YES;
				CLANG_WARN__DUPLICATE_METHOD_MATCH = YES;
				"CODE_SIGN_IDENTITY[sdk=iphoneos*]" = "iPhone Developer";
				COPY_PHASE_STRIP = NO;
				ENABLE_STRICT_OBJC_MSGSEND = YES;
				GCC_C_LANGUAGE_STANDARD = gnu99;
				GCC_DYNAMIC_NO_PIC = NO;
				GCC_OPTIMIZATION_LEVEL = 0;
				GCC_PREPROCESSOR_DEFINITIONS = (
					"DEBUG=1",
					"$(inherited)",
				);
				GCC_SYMBOLS_PRIVATE_EXTERN = NO;
				GCC_WARN_64_TO_32_BIT_CONVERSION = YES;
				GCC_WARN_ABOUT_RETURN_TYPE = YES_ERROR;
				GCC_WARN_UNDECLARED_SELECTOR = YES;
				GCC_WARN_UNINITIALIZED_AUTOS = YES_AGGRESSIVE;
				GCC_WARN_UNUSED_FUNCTION = YES;
				GCC_WARN_UNUSED_VARIABLE = YES;
				IPHONEOS_DEPLOYMENT_TARGET = 8.1;
				MTL_ENABLE_DEBUG_INFO = YES;
				ONLY_ACTIVE_ARCH = YES;
				SDKROOT = iphoneos;
			};
			name = Debug;
		};
		764834161A5F379300EF895C /* Release */ = {
			isa = XCBuildConfiguration;
			buildSettings = {
				ALWAYS_SEARCH_USER_PATHS = NO;
				CLANG_CXX_LANGUAGE_STANDARD = "gnu++0x";
				CLANG_CXX_LIBRARY = "libc++";
				CLANG_ENABLE_MODULES = YES;
				CLANG_ENABLE_OBJC_ARC = YES;
				CLANG_WARN_BOOL_CONVERSION = YES;
				CLANG_WARN_CONSTANT_CONVERSION = YES;
				CLANG_WARN_DIRECT_OBJC_ISA_USAGE = YES_ERROR;
				CLANG_WARN_EMPTY_BODY = YES;
				CLANG_WARN_ENUM_CONVERSION = YES;
				CLANG_WARN_INT_CONVERSION = YES;
				CLANG_WARN_OBJC_ROOT_CLASS = YES_ERROR;
				CLANG_WARN_UNREACHABLE_CODE = YES;
				CLANG_WARN__DUPLICATE_METHOD_MATCH = YES;
				"CODE_SIGN_IDENTITY[sdk=iphoneos*]" = "iPhone Developer";
				COPY_PHASE_STRIP = YES;
				ENABLE_NS_ASSERTIONS = NO;
				ENABLE_STRICT_OBJC_MSGSEND = YES;
				GCC_C_LANGUAGE_STANDARD = gnu99;
				GCC_WARN_64_TO_32_BIT_CONVERSION = YES;
				GCC_WARN_ABOUT_RETURN_TYPE = YES_ERROR;
				GCC_WARN_UNDECLARED_SELECTOR = YES;
				GCC_WARN_UNINITIALIZED_AUTOS = YES_AGGRESSIVE;
				GCC_WARN_UNUSED_FUNCTION = YES;
				GCC_WARN_UNUSED_VARIABLE = YES;
				IPHONEOS_DEPLOYMENT_TARGET = 8.1;
				MTL_ENABLE_DEBUG_INFO = NO;
				SDKROOT = iphoneos;
				VALIDATE_PRODUCT = YES;
			};
			name = Release;
		};
		764834181A5F379300EF895C /* Debug */ = {
			isa = XCBuildConfiguration;
			buildSettings = {
				ASSETCATALOG_COMPILER_APPICON_NAME = AppIcon;
				INFOPLIST_FILE = Rolodex/Info.plist;
				LD_RUNPATH_SEARCH_PATHS = "$(inherited) @executable_path/Frameworks";
				PRODUCT_NAME = "$(TARGET_NAME)";
			};
			name = Debug;
		};
		764834191A5F379300EF895C /* Release */ = {
			isa = XCBuildConfiguration;
			buildSettings = {
				ASSETCATALOG_COMPILER_APPICON_NAME = AppIcon;
				INFOPLIST_FILE = Rolodex/Info.plist;
				LD_RUNPATH_SEARCH_PATHS = "$(inherited) @executable_path/Frameworks";
				PRODUCT_NAME = "$(TARGET_NAME)";
			};
			name = Release;
		};
		7648341B1A5F379300EF895C /* Debug */ = {
			isa = XCBuildConfiguration;
			buildSettings = {
				BUNDLE_LOADER = "$(TEST_HOST)";
				FRAMEWORK_SEARCH_PATHS = (
					"$(SDKROOT)/Developer/Library/Frameworks",
					"$(inherited)",
				);
				GCC_PREPROCESSOR_DEFINITIONS = (
					"DEBUG=1",
					"$(inherited)",
				);
				INFOPLIST_FILE = RolodexTests/Info.plist;
				LD_RUNPATH_SEARCH_PATHS = "$(inherited) @executable_path/Frameworks @loader_path/Frameworks";
				PRODUCT_NAME = "$(TARGET_NAME)";
				TEST_HOST = "$(BUILT_PRODUCTS_DIR)/Rolodex.app/Rolodex";
			};
			name = Debug;
		};
		7648341C1A5F379300EF895C /* Release */ = {
			isa = XCBuildConfiguration;
			buildSettings = {
				BUNDLE_LOADER = "$(TEST_HOST)";
				FRAMEWORK_SEARCH_PATHS = (
					"$(SDKROOT)/Developer/Library/Frameworks",
					"$(inherited)",
				);
				INFOPLIST_FILE = RolodexTests/Info.plist;
				LD_RUNPATH_SEARCH_PATHS = "$(inherited) @executable_path/Frameworks @loader_path/Frameworks";
				PRODUCT_NAME = "$(TARGET_NAME)";
				TEST_HOST = "$(BUILT_PRODUCTS_DIR)/Rolodex.app/Rolodex";
			};
			name = Release;
		};
/* End XCBuildConfiguration section */

/* Begin XCConfigurationList section */
		764833EF1A5F379300EF895C /* Build configuration list for PBXProject "Rolodex" */ = {
			isa = XCConfigurationList;
			buildConfigurations = (
				764834151A5F379300EF895C /* Debug */,
				764834161A5F379300EF895C /* Release */,
			);
			defaultConfigurationIsVisible = 0;
			defaultConfigurationName = Release;
		};
		764834171A5F379300EF895C /* Build configuration list for PBXNativeTarget "Rolodex" */ = {
			isa = XCConfigurationList;
			buildConfigurations = (
				764834181A5F379300EF895C /* Debug */,
				764834191A5F379300EF895C /* Release */,
			);
			defaultConfigurationIsVisible = 0;
		};
		7648341A1A5F379300EF895C /* Build configuration list for PBXNativeTarget "RolodexTests" */ = {
			isa = XCConfigurationList;
			buildConfigurations = (
				7648341B1A5F379300EF895C /* Debug */,
				7648341C1A5F379300EF895C /* Release */,
			);
			defaultConfigurationIsVisible = 0;
		};
/* End XCConfigurationList section */
	};
	rootObject = 764833EC1A5F379300EF895C /* Project object */;
}
